
Microsoft Visual Studio Solution File, Format Version 12.00
# Visual Studio Version 17
VisualStudioVersion = 17.11.35327.3
MinimumVisualStudioVersion = 10.0.40219.1
Project("{9A19103F-16F7-4668-BE54-9A1E7A4F7556}") = "AppointmentBookingApp.Server", "AppointmentBookingApp.Server\AppointmentBookingApp.Server.csproj", "{EA27B496-D797-4FB6-8E01-5061A9F351C3}"
EndProject
Project("{9A19103F-16F7-4668-BE54-9A1E7A4F7556}") = "AppointmentBookingApp.Client", "AppointmentBookingApp.Client\AppointmentBookingApp.Client.csproj", "{1597B3AB-C865-4FD2-A9A7-EEC26AD9305B}"
EndProject
Project("{9A19103F-16F7-4668-BE54-9A1E7A4F7556}") = "AppointmentBookingApp.Domain", "AppointmentBookingApp.Domain\AppointmentBookingApp.Domain.csproj", "{2F7072DD-2F04-428B-981A-6FCB5A6ED5F5}"
EndProject
Project("{9A19103F-16F7-4668-BE54-9A1E7A4F7556}") = "AppointmentBookingApp.Application", "AppointmentBookingApp.Application\AppointmentBookingApp.Application.csproj", "{1A011B76-3AE5-4BB5-AEEE-FB61E42F172E}"
EndProject
Project("{9A19103F-16F7-4668-BE54-9A1E7A4F7556}") = "AppointmentBookingApp.Infrastructure", "AppointmentBookingApp.Infrastructure\AppointmentBookingApp.Infrastructure.csproj", "{A3A5B151-A25D-478A-9947-1B5353406145}"
EndProject
Global
	GlobalSection(SolutionConfigurationPlatforms) = preSolution
		Debug|Any CPU = Debug|Any CPU
		Release|Any CPU = Release|Any CPU
	EndGlobalSection
	GlobalSection(ProjectConfigurationPlatforms) = postSolution
		{EA27B496-D797-4FB6-8E01-5061A9F351C3}.Debug|Any CPU.ActiveCfg = Debug|Any CPU
		{EA27B496-D797-4FB6-8E01-5061A9F351C3}.Debug|Any CPU.Build.0 = Debug|Any CPU
		{EA27B496-D797-4FB6-8E01-5061A9F351C3}.Release|Any CPU.ActiveCfg = Release|Any CPU
		{EA27B496-D797-4FB6-8E01-5061A9F351C3}.Release|Any CPU.Build.0 = Release|Any CPU
		{1597B3AB-C865-4FD2-A9A7-EEC26AD9305B}.Debug|Any CPU.ActiveCfg = Debug|Any CPU
		{1597B3AB-C865-4FD2-A9A7-EEC26AD9305B}.Debug|Any CPU.Build.0 = Debug|Any CPU
		{1597B3AB-C865-4FD2-A9A7-EEC26AD9305B}.Release|Any CPU.ActiveCfg = Release|Any CPU
		{1597B3AB-C865-4FD2-A9A7-EEC26AD9305B}.Release|Any CPU.Build.0 = Release|Any CPU
		{2F7072DD-2F04-428B-981A-6FCB5A6ED5F5}.Debug|Any CPU.ActiveCfg = Debug|Any CPU
		{2F7072DD-2F04-428B-981A-6FCB5A6ED5F5}.Debug|Any CPU.Build.0 = Debug|Any CPU
		{2F7072DD-2F04-428B-981A-6FCB5A6ED5F5}.Release|Any CPU.ActiveCfg = Release|Any CPU
		{2F7072DD-2F04-428B-981A-6FCB5A6ED5F5}.Release|Any CPU.Build.0 = Release|Any CPU
		{1A011B76-3AE5-4BB5-AEEE-FB61E42F172E}.Debug|Any CPU.ActiveCfg = Debug|Any CPU
		{1A011B76-3AE5-4BB5-AEEE-FB61E42F172E}.Debug|Any CPU.Build.0 = Debug|Any CPU
		{1A011B76-3AE5-4BB5-AEEE-FB61E42F172E}.Release|Any CPU.ActiveCfg = Release|Any CPU
		{1A011B76-3AE5-4BB5-AEEE-FB61E42F172E}.Release|Any CPU.Build.0 = Release|Any CPU
		{A3A5B151-A25D-478A-9947-1B5353406145}.Debug|Any CPU.ActiveCfg = Debug|Any CPU
		{A3A5B151-A25D-478A-9947-1B5353406145}.Debug|Any CPU.Build.0 = Debug|Any CPU
		{A3A5B151-A25D-478A-9947-1B5353406145}.Release|Any CPU.ActiveCfg = Release|Any CPU
		{A3A5B151-A25D-478A-9947-1B5353406145}.Release|Any CPU.Build.0 = Release|Any CPU
	EndGlobalSection
	GlobalSection(SolutionProperties) = preSolution
		HideSolutionNode = FALSE
	EndGlobalSection
	GlobalSection(ExtensibilityGlobals) = postSolution
		SolutionGuid = {81BE3B67-2DC2-4C7A-AFED-B68262C3CB3D}
	EndGlobalSection
EndGlobal
